
Microsoft Visual Studio Solution File, Format Version 12.00
# Visual Studio 15
VisualStudioVersion = 15.0.28307.1259
MinimumVisualStudioVersion = 10.0.40219.1
Project("{FAE04EC0-301F-11D3-BF4B-00C04F79EFBC}") = "оружие", "оружие\оружие.csproj", "{0183DBB4-36ED-4899-96AC-9C0DF9B20570}"
EndProject
Global
	GlobalSection(SolutionConfigurationPlatforms) = preSolution
		Debug|Any CPU = Debug|Any CPU
		Release|Any CPU = Release|Any CPU
	EndGlobalSection
	GlobalSection(ProjectConfigurationPlatforms) = postSolution
		{0183DBB4-36ED-4899-96AC-9C0DF9B20570}.Debug|Any CPU.ActiveCfg = Debug|Any CPU
		{0183DBB4-36ED-4899-96AC-9C0DF9B20570}.Debug|Any CPU.Build.0 = Debug|Any CPU
		{0183DBB4-36ED-4899-96AC-9C0DF9B20570}.Release|Any CPU.ActiveCfg = Release|Any CPU
		{0183DBB4-36ED-4899-96AC-9C0DF9B20570}.Release|Any CPU.Build.0 = Release|Any CPU
	EndGlobalSection
	GlobalSection(SolutionProperties) = preSolution
		HideSolutionNode = FALSE
	EndGlobalSection
	GlobalSection(ExtensibilityGlobals) = postSolution
		SolutionGuid = {50287226-8C1A-43CB-9309-B14E2303B369}
	EndGlobalSection
EndGlobal
